
Microsoft Visual Studio Solution File, Format Version 12.00
# Visual Studio Version 17
VisualStudioVersion = 17.5.33502.453
MinimumVisualStudioVersion = 10.0.40219.1
Project("{9A19103F-16F7-4668-BE54-9A1E7A4F7556}") = "Budget Planner", "Budget_Planning_Alnur_Madiyev_w68646\Budget Planner.csproj", "{0B7740A3-86AC-49D9-BC52-CFB3F73F1F42}"
EndProject
Global
	GlobalSection(SolutionConfigurationPlatforms) = preSolution
		Debug|Any CPU = Debug|Any CPU
		Release|Any CPU = Release|Any CPU
	EndGlobalSection
	GlobalSection(ProjectConfigurationPlatforms) = postSolution
		{0B7740A3-86AC-49D9-BC52-CFB3F73F1F42}.Debug|Any CPU.ActiveCfg = Debug|Any CPU
		{0B7740A3-86AC-49D9-BC52-CFB3F73F1F42}.Debug|Any CPU.Build.0 = Debug|Any CPU
		{0B7740A3-86AC-49D9-BC52-CFB3F73F1F42}.Release|Any CPU.ActiveCfg = Release|Any CPU
		{0B7740A3-86AC-49D9-BC52-CFB3F73F1F42}.Release|Any CPU.Build.0 = Release|Any CPU
	EndGlobalSection
	GlobalSection(SolutionProperties) = preSolution
		HideSolutionNode = FALSE
	EndGlobalSection
	GlobalSection(ExtensibilityGlobals) = postSolution
		SolutionGuid = {0E8BB9AE-9C95-4BD3-B8C4-69D380047A0C}
	EndGlobalSection
EndGlobal
